{
  "version": 4,
  "terraform_version": "0.14.2",
  "serial": 3,
  "lineage": "666b730f-f254-72ae-3777-cfa882972c72",
  "outputs": {},
  "resources": [
    {
      "mode": "managed",
      "type": "intersight_firmware_server_configuration_utility_distributable",
      "name": "scu_ucsc",
      "provider": "provider[\"registry.terraform.io/ciscodevnet/intersight\"]",
      "instances": [
        {
          "schema_version": 0,
          "attributes": {
            "additional_properties": "{\"AccountMoid\":\"5bc128dd37636d3874c4c9ce\",\"Ancestors\":[{\"ClassId\":\"mo.MoRef\",\"Moid\":\"5dea7b3a6567612d3049826a\",\"ObjectType\":\"softwarerepository.Catalog\",\"link\":\"https://www.intersight.com/api/v1/softwarerepository/Catalogs/5dea7b3a6567612d3049826a\"}],\"CreateTime\":\"2021-02-22T20:06:58.765Z\",\"Description\":\"Cisco SCU-6.0(4c)\",\"DomainGroupMoid\":\"5bc128dd37636d3874c4c9d5\",\"DownloadCount\":0,\"ImportAction\":\"None\",\"ImportState\":\"MetaOnly\",\"ImportedTime\":\"0001-01-01T00:00:00Z\",\"LastAccessTime\":\"0001-01-01T00:00:00Z\",\"Md5eTag\":\"\",\"Md5sum\":\"\",\"ModTime\":\"2021-02-22T20:06:59.293Z\",\"Moid\":\"60340ee26567612d3105f00d\",\"Name\":\"SCU-6.0.4c nfs\",\"Owners\":[\"5bc128dd37636d3874c4c9ce\"],\"Parent\":{\"ClassId\":\"mo.MoRef\",\"Moid\":\"5dea7b3a6567612d3049826a\",\"ObjectType\":\"softwarerepository.Catalog\",\"link\":\"https://www.intersight.com/api/v1/softwarerepository/Catalogs/5dea7b3a6567612d3049826a\"},\"PermissionResources\":[{\"ClassId\":\"mo.MoRef\",\"Moid\":\"5ddf641c6972652d32bb9c43\",\"ObjectType\":\"organization.Organization\",\"link\":\"https://www.intersight.com/api/v1/organization/Organizations/5ddf641c6972652d32bb9c43\"}],\"ReleaseDate\":\"0001-01-01T00:00:00Z\",\"Sha512sum\":\"\",\"SharedScope\":\"\",\"Size\":0,\"SoftwareAdvisoryUrl\":\"\",\"Source\":{\"ClassId\":\"softwarerepository.HttpServer\",\"IsPasswordSet\":false,\"LocationLink\":\"https://172.16.15.222/software/ucsscu/ucs-cxxx-scu-6.1.2d.iso\",\"ObjectType\":\"softwarerepository.HttpServer\",\"Username\":\"\"},\"Tags\":[{\"Key\":\"DC\",\"Value\":\"SJ\"},{\"Key\":\"ENV\",\"Value\":\"LAB\"}],\"Version\":\"6.0.(4c)\"}",
            "bundle_type": "",
            "catalog": [
              {
                "additional_properties": "",
                "class_id": "mo.MoRef",
                "moid": "5dea7b3a6567612d3049826a",
                "object_type": "softwarerepository.Catalog",
                "selector": ""
              }
            ],
            "class_id": "firmware.ServerConfigurationUtilityDistributable",
            "component_meta": [],
            "description": "Cisco SCU-6.0(4c)",
            "distributable_metas": [],
            "download_count": 0,
            "guid": "",
            "id": "60340ee26567612d3105f00d",
            "import_action": "None",
            "import_state": "MetaOnly",
            "md5e_tag": "",
            "md5sum": "",
            "mdfid": "",
            "model": "",
            "moid": "60340ee26567612d3105f00d",
            "name": "SCU-6.0.4c nfs",
            "nr_source": [
              {
                "additional_properties": "{\"IsPasswordSet\":false,\"LocationLink\":\"https://172.16.15.222/software/ucsscu/ucs-cxxx-scu-6.1.2d.iso\",\"Username\":\"\"}",
                "class_id": "softwarerepository.HttpServer",
                "object_type": "softwarerepository.HttpServer"
              }
            ],
            "nr_version": "6.0.(4c)",
            "object_type": "firmware.ServerConfigurationUtilityDistributable",
            "platform_type": "",
            "recommended_build": "",
            "release": [],
            "release_notes_url": "",
            "sha512sum": "",
            "size": 0,
            "software_advisory_url": "",
            "software_type_id": "",
            "supported_models": [
              "C-series"
            ],
            "tags": [
              {
                "additional_properties": "",
                "key": "DC",
                "value": "SJ"
              },
              {
                "additional_properties": "",
                "key": "ENV",
                "value": "LAB"
              }
            ],
            "vendor": "Cisco"
          },
          "sensitive_attributes": [],
          "private": "bnVsbA=="
        }
      ]
    },
    {
      "mode": "managed",
      "type": "intersight_softwarerepository_operating_system_file",
      "name": "esxi_custom_iso",
      "provider": "provider[\"registry.terraform.io/ciscodevnet/intersight\"]",
      "instances": [
        {
          "schema_version": 0,
          "attributes": {
            "additional_properties": "{\"AccountMoid\":\"5bc128dd37636d3874c4c9ce\",\"Ancestors\":[{\"ClassId\":\"mo.MoRef\",\"Moid\":\"5dea7b3a6567612d3049826a\",\"ObjectType\":\"softwarerepository.Catalog\",\"link\":\"https://www.intersight.com/api/v1/softwarerepository/Catalogs/5dea7b3a6567612d3049826a\"}],\"CreateTime\":\"2021-02-22T20:07:00.012Z\",\"DomainGroupMoid\":\"5bc128dd37636d3874c4c9d5\",\"ModTime\":\"2021-02-22T20:07:00.413Z\",\"Moid\":\"60340ee36567612d3105f01f\",\"Owners\":[\"5bc128dd37636d3874c4c9ce\"],\"Parent\":{\"ClassId\":\"mo.MoRef\",\"Moid\":\"5dea7b3a6567612d3049826a\",\"ObjectType\":\"softwarerepository.Catalog\",\"link\":\"https://www.intersight.com/api/v1/softwarerepository/Catalogs/5dea7b3a6567612d3049826a\"},\"PermissionResources\":[{\"ClassId\":\"mo.MoRef\",\"Moid\":\"5ddf641c6972652d32bb9c43\",\"ObjectType\":\"organization.Organization\",\"link\":\"https://www.intersight.com/api/v1/organization/Organizations/5ddf641c6972652d32bb9c43\"}],\"SharedScope\":\"\",\"Tags\":[{\"Key\":\"DC\",\"Value\":\"SJ\"},{\"Key\":\"ENV\",\"Value\":\"LAB\"}]}",
            "catalog": [
              {
                "additional_properties": "",
                "class_id": "mo.MoRef",
                "moid": "5dea7b3a6567612d3049826a",
                "object_type": "softwarerepository.Catalog",
                "selector": ""
              }
            ],
            "class_id": "softwarerepository.OperatingSystemFile",
            "description": "ESXi 6.7 U3 Cisco Custom ISO",
            "download_count": 0,
            "id": "60340ee36567612d3105f01f",
            "import_action": "None",
            "import_state": "MetaOnly",
            "md5e_tag": "",
            "md5sum": "",
            "moid": "60340ee36567612d3105f01f",
            "name": "esxi_6.7.0_cisco_custom_iso",
            "nr_source": [
              {
                "additional_properties": "{\"IsPasswordSet\":false,\"LocationLink\":\"https://172.16.15.222/software/vmware/vsphere/6.7/esxi/VMware_ESXi_6.7.0_14320388_Custom_Cisco_6.7.3.1.iso\",\"Username\":\"\"}",
                "class_id": "softwarerepository.HttpServer",
                "object_type": "softwarerepository.HttpServer"
              }
            ],
            "nr_version": "ESXi 6.7 U3",
            "object_type": "softwarerepository.OperatingSystemFile",
            "sha512sum": "",
            "size": 0,
            "software_advisory_url": "",
            "tags": [
              {
                "additional_properties": "",
                "key": "DC",
                "value": "SJ"
              },
              {
                "additional_properties": "",
                "key": "ENV",
                "value": "LAB"
              }
            ],
            "vendor": "VMware"
          },
          "sensitive_attributes": [],
          "private": "bnVsbA=="
        }
      ]
    }
  ]
}
